
Microsoft Visual Studio Solution File, Format Version 12.00
# Visual Studio Version 17
VisualStudioVersion = 17.6.33712.159
MinimumVisualStudioVersion = 10.0.40219.1
Project("{FAE04EC0-301F-11D3-BF4B-00C04F79EFBC}") = "Data_Structures", "Data_Structures\Data_Structures.csproj", "{30DF654B-90F3-4947-A7F8-333099984CE8}"
EndProject
Global
	GlobalSection(SolutionConfigurationPlatforms) = preSolution
		Debug|Any CPU = Debug|Any CPU
		Release|Any CPU = Release|Any CPU
	EndGlobalSection
	GlobalSection(ProjectConfigurationPlatforms) = postSolution
		{30DF654B-90F3-4947-A7F8-333099984CE8}.Debug|Any CPU.ActiveCfg = Debug|Any CPU
		{30DF654B-90F3-4947-A7F8-333099984CE8}.Debug|Any CPU.Build.0 = Debug|Any CPU
		{30DF654B-90F3-4947-A7F8-333099984CE8}.Release|Any CPU.ActiveCfg = Release|Any CPU
		{30DF654B-90F3-4947-A7F8-333099984CE8}.Release|Any CPU.Build.0 = Release|Any CPU
	EndGlobalSection
	GlobalSection(SolutionProperties) = preSolution
		HideSolutionNode = FALSE
	EndGlobalSection
	GlobalSection(ExtensibilityGlobals) = postSolution
		SolutionGuid = {8F1F78A0-1469-4273-AD7B-9E824AACEF7E}
	EndGlobalSection
EndGlobal
